
Microsoft Visual Studio Solution File, Format Version 12.00
# Visual Studio Version 17
VisualStudioVersion = 17.6.33801.468
MinimumVisualStudioVersion = 10.0.40219.1
Project("{FAE04EC0-301F-11D3-BF4B-00C04F79EFBC}") = "realEstateAPI", "realEstateAPI\realEstateAPI.csproj", "{3D84C4FE-54DC-4E3C-AB2B-EBF9DC87DAE3}"
EndProject
Global
	GlobalSection(SolutionConfigurationPlatforms) = preSolution
		Debug|Any CPU = Debug|Any CPU
		Release|Any CPU = Release|Any CPU
	EndGlobalSection
	GlobalSection(ProjectConfigurationPlatforms) = postSolution
		{3D84C4FE-54DC-4E3C-AB2B-EBF9DC87DAE3}.Debug|Any CPU.ActiveCfg = Debug|Any CPU
		{3D84C4FE-54DC-4E3C-AB2B-EBF9DC87DAE3}.Debug|Any CPU.Build.0 = Debug|Any CPU
		{3D84C4FE-54DC-4E3C-AB2B-EBF9DC87DAE3}.Release|Any CPU.ActiveCfg = Release|Any CPU
		{3D84C4FE-54DC-4E3C-AB2B-EBF9DC87DAE3}.Release|Any CPU.Build.0 = Release|Any CPU
	EndGlobalSection
	GlobalSection(SolutionProperties) = preSolution
		HideSolutionNode = FALSE
	EndGlobalSection
	GlobalSection(ExtensibilityGlobals) = postSolution
		SolutionGuid = {6169D75E-EE7C-4D9D-BD1B-6C21A8E0612D}
	EndGlobalSection
EndGlobal
